
Microsoft Visual Studio Solution File, Format Version 12.00
# Visual Studio Version 17
VisualStudioVersion = 17.9.34616.47
MinimumVisualStudioVersion = 10.0.40219.1
Project("{2150E333-8FDC-42A3-9474-1A3956D46DE8}") = "BookingService", "BookingService", "{93BFE84D-E7CF-4436-988D-6E5596F31699}"
EndProject
Project("{2150E333-8FDC-42A3-9474-1A3956D46DE8}") = "PaymentService", "PaymentService", "{9877B485-0C8E-4921-A953-D1D5243019BD}"
EndProject
Project("{2150E333-8FDC-42A3-9474-1A3956D46DE8}") = "Core", "Core", "{CEA62B72-B6BC-4F7F-A718-3CF6B48EBA96}"
EndProject
Project("{2150E333-8FDC-42A3-9474-1A3956D46DE8}") = "Domain", "Domain", "{14BACC48-80B8-4E38-9582-958FB0FF8BE5}"
EndProject
Project("{2150E333-8FDC-42A3-9474-1A3956D46DE8}") = "Application", "Application", "{BEA7F4A2-2565-4466-AC44-0CB3400526DC}"
EndProject
Project("{2150E333-8FDC-42A3-9474-1A3956D46DE8}") = "Adapters", "Adapters", "{6502E27C-D42D-4FA9-BC31-2D3C489C5688}"
EndProject
Project("{2150E333-8FDC-42A3-9474-1A3956D46DE8}") = "Consumers", "Consumers", "{EB5BDFDF-82D9-4E51-A878-0EC7F651D62E}"
EndProject
Project("{2150E333-8FDC-42A3-9474-1A3956D46DE8}") = "Tests", "Tests", "{279E545E-8BE6-42CA-8437-917A28AA2DD7}"
EndProject
Project("{2150E333-8FDC-42A3-9474-1A3956D46DE8}") = "Domain", "Domain", "{A5E2E29A-1B5C-43D3-ABA9-DABE65167B92}"
EndProject
Project("{2150E333-8FDC-42A3-9474-1A3956D46DE8}") = "Application", "Application", "{06F20B0D-E9BB-4B27-BF20-495D372D5FF3}"
EndProject
Project("{2150E333-8FDC-42A3-9474-1A3956D46DE8}") = "Adapters", "Adapters", "{6A615ECC-3437-4370-9F66-35869381DFFD}"
EndProject
Project("{9A19103F-16F7-4668-BE54-9A1E7A4F7556}") = "DomainTests", "BookingService\Tests\Domain\DomainTests\DomainTests.csproj", "{89B03693-F364-4E56-8485-8EF50644F26D}"
EndProject
Project("{9A19103F-16F7-4668-BE54-9A1E7A4F7556}") = "ApplicationTests", "BookingService\Tests\Application\ApplicationTests\ApplicationTests.csproj", "{67E1A512-8658-4BDB-8FE7-807305CD8CE7}"
EndProject
Project("{9A19103F-16F7-4668-BE54-9A1E7A4F7556}") = "AdaptersTests", "BookingService\Tests\Adapters\AdaptersTests\AdaptersTests.csproj", "{06001EF1-68AE-4E9D-AE13-F1F82AB05920}"
EndProject
Project("{9A19103F-16F7-4668-BE54-9A1E7A4F7556}") = "API", "BookingService\Consumers\API\API.csproj", "{D70E000F-DCCE-4A20-BB00-03E37996AECB}"
EndProject
Project("{9A19103F-16F7-4668-BE54-9A1E7A4F7556}") = "Data", "BookingService\Adapters\Data\Data.csproj", "{C390C8BC-6386-46FB-86BE-35C6E1854B7B}"
EndProject
Project("{9A19103F-16F7-4668-BE54-9A1E7A4F7556}") = "Application", "BookingService\Core\Application\Application.csproj", "{BA31E93D-16E6-482D-B089-54005E3B1008}"
EndProject
Project("{9A19103F-16F7-4668-BE54-9A1E7A4F7556}") = "Domain", "BookingService\Core\Domain\Domain.csproj", "{57ADCD64-ABF1-4948-AAA9-1E327B8BFD32}"
EndProject
Global
	GlobalSection(SolutionConfigurationPlatforms) = preSolution
		Debug|Any CPU = Debug|Any CPU
		Release|Any CPU = Release|Any CPU
	EndGlobalSection
	GlobalSection(ProjectConfigurationPlatforms) = postSolution
		{89B03693-F364-4E56-8485-8EF50644F26D}.Debug|Any CPU.ActiveCfg = Debug|Any CPU
		{89B03693-F364-4E56-8485-8EF50644F26D}.Debug|Any CPU.Build.0 = Debug|Any CPU
		{89B03693-F364-4E56-8485-8EF50644F26D}.Release|Any CPU.ActiveCfg = Release|Any CPU
		{89B03693-F364-4E56-8485-8EF50644F26D}.Release|Any CPU.Build.0 = Release|Any CPU
		{67E1A512-8658-4BDB-8FE7-807305CD8CE7}.Debug|Any CPU.ActiveCfg = Debug|Any CPU
		{67E1A512-8658-4BDB-8FE7-807305CD8CE7}.Debug|Any CPU.Build.0 = Debug|Any CPU
		{67E1A512-8658-4BDB-8FE7-807305CD8CE7}.Release|Any CPU.ActiveCfg = Release|Any CPU
		{67E1A512-8658-4BDB-8FE7-807305CD8CE7}.Release|Any CPU.Build.0 = Release|Any CPU
		{06001EF1-68AE-4E9D-AE13-F1F82AB05920}.Debug|Any CPU.ActiveCfg = Debug|Any CPU
		{06001EF1-68AE-4E9D-AE13-F1F82AB05920}.Debug|Any CPU.Build.0 = Debug|Any CPU
		{06001EF1-68AE-4E9D-AE13-F1F82AB05920}.Release|Any CPU.ActiveCfg = Release|Any CPU
		{06001EF1-68AE-4E9D-AE13-F1F82AB05920}.Release|Any CPU.Build.0 = Release|Any CPU
		{D70E000F-DCCE-4A20-BB00-03E37996AECB}.Debug|Any CPU.ActiveCfg = Debug|Any CPU
		{D70E000F-DCCE-4A20-BB00-03E37996AECB}.Debug|Any CPU.Build.0 = Debug|Any CPU
		{D70E000F-DCCE-4A20-BB00-03E37996AECB}.Release|Any CPU.ActiveCfg = Release|Any CPU
		{D70E000F-DCCE-4A20-BB00-03E37996AECB}.Release|Any CPU.Build.0 = Release|Any CPU
		{C390C8BC-6386-46FB-86BE-35C6E1854B7B}.Debug|Any CPU.ActiveCfg = Debug|Any CPU
		{C390C8BC-6386-46FB-86BE-35C6E1854B7B}.Debug|Any CPU.Build.0 = Debug|Any CPU
		{C390C8BC-6386-46FB-86BE-35C6E1854B7B}.Release|Any CPU.ActiveCfg = Release|Any CPU
		{C390C8BC-6386-46FB-86BE-35C6E1854B7B}.Release|Any CPU.Build.0 = Release|Any CPU
		{BA31E93D-16E6-482D-B089-54005E3B1008}.Debug|Any CPU.ActiveCfg = Debug|Any CPU
		{BA31E93D-16E6-482D-B089-54005E3B1008}.Debug|Any CPU.Build.0 = Debug|Any CPU
		{BA31E93D-16E6-482D-B089-54005E3B1008}.Release|Any CPU.ActiveCfg = Release|Any CPU
		{BA31E93D-16E6-482D-B089-54005E3B1008}.Release|Any CPU.Build.0 = Release|Any CPU
		{57ADCD64-ABF1-4948-AAA9-1E327B8BFD32}.Debug|Any CPU.ActiveCfg = Debug|Any CPU
		{57ADCD64-ABF1-4948-AAA9-1E327B8BFD32}.Debug|Any CPU.Build.0 = Debug|Any CPU
		{57ADCD64-ABF1-4948-AAA9-1E327B8BFD32}.Release|Any CPU.ActiveCfg = Release|Any CPU
		{57ADCD64-ABF1-4948-AAA9-1E327B8BFD32}.Release|Any CPU.Build.0 = Release|Any CPU
	EndGlobalSection
	GlobalSection(SolutionProperties) = preSolution
		HideSolutionNode = FALSE
	EndGlobalSection
	GlobalSection(NestedProjects) = preSolution
		{CEA62B72-B6BC-4F7F-A718-3CF6B48EBA96} = {93BFE84D-E7CF-4436-988D-6E5596F31699}
		{14BACC48-80B8-4E38-9582-958FB0FF8BE5} = {CEA62B72-B6BC-4F7F-A718-3CF6B48EBA96}
		{BEA7F4A2-2565-4466-AC44-0CB3400526DC} = {CEA62B72-B6BC-4F7F-A718-3CF6B48EBA96}
		{6502E27C-D42D-4FA9-BC31-2D3C489C5688} = {93BFE84D-E7CF-4436-988D-6E5596F31699}
		{EB5BDFDF-82D9-4E51-A878-0EC7F651D62E} = {93BFE84D-E7CF-4436-988D-6E5596F31699}
		{279E545E-8BE6-42CA-8437-917A28AA2DD7} = {93BFE84D-E7CF-4436-988D-6E5596F31699}
		{A5E2E29A-1B5C-43D3-ABA9-DABE65167B92} = {279E545E-8BE6-42CA-8437-917A28AA2DD7}
		{06F20B0D-E9BB-4B27-BF20-495D372D5FF3} = {279E545E-8BE6-42CA-8437-917A28AA2DD7}
		{6A615ECC-3437-4370-9F66-35869381DFFD} = {279E545E-8BE6-42CA-8437-917A28AA2DD7}
		{89B03693-F364-4E56-8485-8EF50644F26D} = {A5E2E29A-1B5C-43D3-ABA9-DABE65167B92}
		{67E1A512-8658-4BDB-8FE7-807305CD8CE7} = {06F20B0D-E9BB-4B27-BF20-495D372D5FF3}
		{06001EF1-68AE-4E9D-AE13-F1F82AB05920} = {6A615ECC-3437-4370-9F66-35869381DFFD}
		{D70E000F-DCCE-4A20-BB00-03E37996AECB} = {EB5BDFDF-82D9-4E51-A878-0EC7F651D62E}
		{C390C8BC-6386-46FB-86BE-35C6E1854B7B} = {6502E27C-D42D-4FA9-BC31-2D3C489C5688}
		{BA31E93D-16E6-482D-B089-54005E3B1008} = {BEA7F4A2-2565-4466-AC44-0CB3400526DC}
		{57ADCD64-ABF1-4948-AAA9-1E327B8BFD32} = {14BACC48-80B8-4E38-9582-958FB0FF8BE5}
	EndGlobalSection
	GlobalSection(ExtensibilityGlobals) = postSolution
		SolutionGuid = {9166DB41-D29D-4C19-A1D4-11FF4C448D82}
	EndGlobalSection
EndGlobal
